
Microsoft Visual Studio Solution File, Format Version 12.00
# Visual Studio Version 17
VisualStudioVersion = 17.14.36518.9 d17.14
MinimumVisualStudioVersion = 10.0.40219.1
Project("{FAE04EC0-301F-11D3-BF4B-00C04F79EFBC}") = "EvChargingSystem.API", "EvChargingSystem.API.csproj", "{988DA87F-E8FA-4136-8478-8A17D6088AEC}"
EndProject
Global
	GlobalSection(SolutionConfigurationPlatforms) = preSolution
		Debug|Any CPU = Debug|Any CPU
		Release|Any CPU = Release|Any CPU
	EndGlobalSection
	GlobalSection(ProjectConfigurationPlatforms) = postSolution
		{988DA87F-E8FA-4136-8478-8A17D6088AEC}.Debug|Any CPU.ActiveCfg = Debug|Any CPU
		{988DA87F-E8FA-4136-8478-8A17D6088AEC}.Debug|Any CPU.Build.0 = Debug|Any CPU
		{988DA87F-E8FA-4136-8478-8A17D6088AEC}.Release|Any CPU.ActiveCfg = Release|Any CPU
		{988DA87F-E8FA-4136-8478-8A17D6088AEC}.Release|Any CPU.Build.0 = Release|Any CPU
	EndGlobalSection
	GlobalSection(SolutionProperties) = preSolution
		HideSolutionNode = FALSE
	EndGlobalSection
	GlobalSection(ExtensibilityGlobals) = postSolution
		SolutionGuid = {FB59995D-C457-4D01-BF6B-E83586942AA2}
	EndGlobalSection
EndGlobal
